
Microsoft Visual Studio Solution File, Format Version 12.00
# Visual Studio Version 17
VisualStudioVersion = 17.14.36603.0
MinimumVisualStudioVersion = 10.0.40219.1
Project("{FAE04EC0-301F-11D3-BF4B-00C04F79EFBC}") = "EavWebApp", "EavWebApp.csproj", "{24500951-3386-4FA7-8B6C-276C94AA54DB}"
EndProject
Global
	GlobalSection(SolutionConfigurationPlatforms) = preSolution
		Debug|Any CPU = Debug|Any CPU
		Release|Any CPU = Release|Any CPU
	EndGlobalSection
	GlobalSection(ProjectConfigurationPlatforms) = postSolution
		{24500951-3386-4FA7-8B6C-276C94AA54DB}.Debug|Any CPU.ActiveCfg = Debug|Any CPU
		{24500951-3386-4FA7-8B6C-276C94AA54DB}.Debug|Any CPU.Build.0 = Debug|Any CPU
		{24500951-3386-4FA7-8B6C-276C94AA54DB}.Release|Any CPU.ActiveCfg = Release|Any CPU
		{24500951-3386-4FA7-8B6C-276C94AA54DB}.Release|Any CPU.Build.0 = Release|Any CPU
	EndGlobalSection
	GlobalSection(SolutionProperties) = preSolution
		HideSolutionNode = FALSE
	EndGlobalSection
	GlobalSection(ExtensibilityGlobals) = postSolution
		SolutionGuid = {91066B37-1C54-48D8-85B6-A48F7B354503}
	EndGlobalSection
EndGlobal
